
Microsoft Visual Studio Solution File, Format Version 12.00
# Visual Studio Version 17
VisualStudioVersion = 17.3.32922.545
MinimumVisualStudioVersion = 10.0.40219.1
Project("{FAE04EC0-301F-11D3-BF4B-00C04F79EFBC}") = "TMA", "TMA.csproj", "{7757D90F-E3A2-48AB-93F8-0BF11A853122}"
EndProject
Project("{FAE04EC0-301F-11D3-BF4B-00C04F79EFBC}") = "TMACustomLib", "..\TMACustomLib\TMACustomLib.csproj", "{4F158482-B2BB-41E4-B812-75CD3EE4BD58}"
EndProject
Global
	GlobalSection(SolutionConfigurationPlatforms) = preSolution
		Debug|Any CPU = Debug|Any CPU
		Release|Any CPU = Release|Any CPU
	EndGlobalSection
	GlobalSection(ProjectConfigurationPlatforms) = postSolution
		{7757D90F-E3A2-48AB-93F8-0BF11A853122}.Debug|Any CPU.ActiveCfg = Debug|Any CPU
		{7757D90F-E3A2-48AB-93F8-0BF11A853122}.Debug|Any CPU.Build.0 = Debug|Any CPU
		{7757D90F-E3A2-48AB-93F8-0BF11A853122}.Release|Any CPU.ActiveCfg = Release|Any CPU
		{7757D90F-E3A2-48AB-93F8-0BF11A853122}.Release|Any CPU.Build.0 = Release|Any CPU
		{4F158482-B2BB-41E4-B812-75CD3EE4BD58}.Debug|Any CPU.ActiveCfg = Debug|Any CPU
		{4F158482-B2BB-41E4-B812-75CD3EE4BD58}.Debug|Any CPU.Build.0 = Debug|Any CPU
		{4F158482-B2BB-41E4-B812-75CD3EE4BD58}.Release|Any CPU.ActiveCfg = Release|Any CPU
		{4F158482-B2BB-41E4-B812-75CD3EE4BD58}.Release|Any CPU.Build.0 = Release|Any CPU
	EndGlobalSection
	GlobalSection(SolutionProperties) = preSolution
		HideSolutionNode = FALSE
	EndGlobalSection
	GlobalSection(ExtensibilityGlobals) = postSolution
		SolutionGuid = {29B51468-F8F8-4970-8E19-939BF38A055F}
	EndGlobalSection
EndGlobal
